{
  "nodes": {
    "dotool": {
      "flake": false,
      "locked": {
        "lastModified": 1723556166,
        "narHash": "sha256-VdaC1QgEzKr41wXwVFX/hnsHMWaGiR8dzflE7OIZ9O4=",
        "owner": "~geb",
        "repo": "dotool",
        "rev": "945a7daedeef076db91261266b802498096f6f91",
        "type": "sourcehut"
      },
      "original": {
        "owner": "~geb",
        "repo": "dotool",
        "type": "sourcehut"
      }
    },
    "nixpkgs": {
      "locked": {
        "lastModified": 1704290814,
        "narHash": "sha256-LWvKHp7kGxk/GEtlrGYV68qIvPHkU9iToomNFGagixU=",
        "owner": "NixOS",
        "repo": "nixpkgs",
        "rev": "70bdadeb94ffc8806c0570eb5c2695ad29f0e421",
        "type": "github"
      },
      "original": {
        "owner": "NixOS",
        "ref": "nixos-23.05",
        "repo": "nixpkgs",
        "type": "github"
      }
    },
    "numen": {
      "flake": false,
      "locked": {
        "lastModified": 1714993791,
        "narHash": "sha256-haiaMBq9xbcDd83Kmm00Xc7823U+90DworOZk9H2n9w=",
        "owner": "~geb",
        "repo": "numen",
        "rev": "630d1dbdbdddc7f6d3e48b84a5784856ba14a21f",
        "type": "sourcehut"
      },
      "original": {
        "owner": "~geb",
        "repo": "numen",
        "type": "sourcehut"
      }
    },
    "root": {
      "inputs": {
        "dotool": "dotool",
        "nixpkgs": "nixpkgs",
        "numen": "numen"
      }
    }
  },
  "root": "root",
  "version": 7
}
